{
  "name": "small-indie-crosshair-company",
  "version": "0.4.0",
  "lockfileVersion": 3,
  "requires": true,
  "packages": {
    "": {
      "name": "small-indie-crosshair-company",
      "version": "0.4.0",
      "license": "MIT",
      "engines": {
        "node": ">=22.12.0"
      }
    }
  }
}
